
Microsoft Visual Studio Solution File, Format Version 12.00
# Visual Studio Version 17
VisualStudioVersion = 17.9.34622.214
MinimumVisualStudioVersion = 10.0.40219.1
Project("{2150E333-8FDC-42A3-9474-1A3956D46DE8}") = "Services", "Services", "{7335A269-9F93-4E93-BBDD-F131C145142E}"
EndProject
Project("{2150E333-8FDC-42A3-9474-1A3956D46DE8}") = "Catalog", "Catalog", "{D615C11B-FF4B-4E9E-A9BB-5F6A14E44913}"
EndProject
Project("{9A19103F-16F7-4668-BE54-9A1E7A4F7556}") = "Catalog.API", "Services\Catalog\Catalog.API\Catalog.API.csproj", "{DA622366-541F-41BD-A0B7-A156A6D90DBC}"
EndProject
Project("{2150E333-8FDC-42A3-9474-1A3956D46DE8}") = "BuildingBlocks", "BuildingBlocks", "{9F88255D-8847-41A0-8BD5-D3286395BF3B}"
EndProject
Project("{9A19103F-16F7-4668-BE54-9A1E7A4F7556}") = "BuildingBlocks", "BuildingBlocks\BuildingBlocks\BuildingBlocks.csproj", "{D872CD34-424A-4F41-95B7-F90DD6ABCB59}"
EndProject
Project("{E53339B2-1760-4266-BCC7-CA923CBCF16C}") = "docker-compose", "docker-compose.dcproj", "{59021F50-BEB7-4BA9-AF9B-C089187E095A}"
EndProject
Project("{2150E333-8FDC-42A3-9474-1A3956D46DE8}") = "Basket", "Basket", "{9BF9A17E-65AC-4F70-A2FD-F0802F516D72}"
EndProject
Project("{9A19103F-16F7-4668-BE54-9A1E7A4F7556}") = "Basket.API", "Services\Basket.API\Basket.API.csproj", "{2FD59C56-4A78-4954-89F9-5692D0F8B551}"
EndProject
Project("{2150E333-8FDC-42A3-9474-1A3956D46DE8}") = "Discount", "Discount", "{87817AA8-6B6D-4E20-8DE6-29501BD20685}"
EndProject
Project("{9A19103F-16F7-4668-BE54-9A1E7A4F7556}") = "Discount.Grpc", "Services\Discount\Discount.Grpc\Discount.Grpc.csproj", "{E4D7F89E-89C3-4E5E-9063-FEE6BDCC2641}"
EndProject
Project("{2150E333-8FDC-42A3-9474-1A3956D46DE8}") = "Ordering", "Ordering", "{BAF409D0-0E08-436C-9B03-31C28FB94AB1}"
EndProject
Project("{9A19103F-16F7-4668-BE54-9A1E7A4F7556}") = "Ordering.API", "Services\Ordering\Ordering.API\Ordering.API.csproj", "{14AE0C7C-AA50-41C4-970D-74D26E8CB4F3}"
EndProject
Project("{9A19103F-16F7-4668-BE54-9A1E7A4F7556}") = "Ordering.Domain", "Services\Ordering\Ordering.Domain\Ordering.Domain.csproj", "{279CA0B9-14A7-4181-AD10-BFDA03F856D8}"
EndProject
Project("{9A19103F-16F7-4668-BE54-9A1E7A4F7556}") = "Ordering.Application", "Services\Ordering\Ordering.Application\Ordering.Application.csproj", "{C8923F6F-DD72-446A-8D84-63192E25A84F}"
EndProject
Project("{9A19103F-16F7-4668-BE54-9A1E7A4F7556}") = "Ordering.Infrastructure", "Services\Ordering\Ordering.Infrastructure\Ordering.Infrastructure.csproj", "{452FB44B-0108-4487-8365-8C6B5072F6D7}"
EndProject
Project("{9A19103F-16F7-4668-BE54-9A1E7A4F7556}") = "BuildingBlocks.Messaging", "BuildingBlocks\BuildingBlocks.Messaging\BuildingBlocks.Messaging.csproj", "{552A8EA6-E521-4A30-8729-B558D5374219}"
EndProject
Project("{2150E333-8FDC-42A3-9474-1A3956D46DE8}") = "ApiGateways", "ApiGateways", "{3D039676-FA3D-4B09-ACB4-C64C10BAE665}"
EndProject
Project("{FAE04EC0-301F-11D3-BF4B-00C04F79EFBC}") = "YarpApiGateway", "ApiGateways\YarpApiGateway\YarpApiGateway.csproj", "{48AE2FC1-8617-4D02-8168-FDB2D9E6738E}"
EndProject
Global
	GlobalSection(SolutionConfigurationPlatforms) = preSolution
		Debug|Any CPU = Debug|Any CPU
		Release|Any CPU = Release|Any CPU
	EndGlobalSection
	GlobalSection(ProjectConfigurationPlatforms) = postSolution
		{DA622366-541F-41BD-A0B7-A156A6D90DBC}.Debug|Any CPU.ActiveCfg = Debug|Any CPU
		{DA622366-541F-41BD-A0B7-A156A6D90DBC}.Debug|Any CPU.Build.0 = Debug|Any CPU
		{DA622366-541F-41BD-A0B7-A156A6D90DBC}.Release|Any CPU.ActiveCfg = Release|Any CPU
		{DA622366-541F-41BD-A0B7-A156A6D90DBC}.Release|Any CPU.Build.0 = Release|Any CPU
		{D872CD34-424A-4F41-95B7-F90DD6ABCB59}.Debug|Any CPU.ActiveCfg = Debug|Any CPU
		{D872CD34-424A-4F41-95B7-F90DD6ABCB59}.Debug|Any CPU.Build.0 = Debug|Any CPU
		{D872CD34-424A-4F41-95B7-F90DD6ABCB59}.Release|Any CPU.ActiveCfg = Release|Any CPU
		{D872CD34-424A-4F41-95B7-F90DD6ABCB59}.Release|Any CPU.Build.0 = Release|Any CPU
		{59021F50-BEB7-4BA9-AF9B-C089187E095A}.Debug|Any CPU.ActiveCfg = Debug|Any CPU
		{59021F50-BEB7-4BA9-AF9B-C089187E095A}.Debug|Any CPU.Build.0 = Debug|Any CPU
		{59021F50-BEB7-4BA9-AF9B-C089187E095A}.Release|Any CPU.ActiveCfg = Release|Any CPU
		{59021F50-BEB7-4BA9-AF9B-C089187E095A}.Release|Any CPU.Build.0 = Release|Any CPU
		{2FD59C56-4A78-4954-89F9-5692D0F8B551}.Debug|Any CPU.ActiveCfg = Debug|Any CPU
		{2FD59C56-4A78-4954-89F9-5692D0F8B551}.Debug|Any CPU.Build.0 = Debug|Any CPU
		{2FD59C56-4A78-4954-89F9-5692D0F8B551}.Release|Any CPU.ActiveCfg = Release|Any CPU
		{2FD59C56-4A78-4954-89F9-5692D0F8B551}.Release|Any CPU.Build.0 = Release|Any CPU
		{E4D7F89E-89C3-4E5E-9063-FEE6BDCC2641}.Debug|Any CPU.ActiveCfg = Debug|Any CPU
		{E4D7F89E-89C3-4E5E-9063-FEE6BDCC2641}.Debug|Any CPU.Build.0 = Debug|Any CPU
		{E4D7F89E-89C3-4E5E-9063-FEE6BDCC2641}.Release|Any CPU.ActiveCfg = Release|Any CPU
		{E4D7F89E-89C3-4E5E-9063-FEE6BDCC2641}.Release|Any CPU.Build.0 = Release|Any CPU
		{14AE0C7C-AA50-41C4-970D-74D26E8CB4F3}.Debug|Any CPU.ActiveCfg = Debug|Any CPU
		{14AE0C7C-AA50-41C4-970D-74D26E8CB4F3}.Debug|Any CPU.Build.0 = Debug|Any CPU
		{14AE0C7C-AA50-41C4-970D-74D26E8CB4F3}.Release|Any CPU.ActiveCfg = Release|Any CPU
		{14AE0C7C-AA50-41C4-970D-74D26E8CB4F3}.Release|Any CPU.Build.0 = Release|Any CPU
		{279CA0B9-14A7-4181-AD10-BFDA03F856D8}.Debug|Any CPU.ActiveCfg = Debug|Any CPU
		{279CA0B9-14A7-4181-AD10-BFDA03F856D8}.Debug|Any CPU.Build.0 = Debug|Any CPU
		{279CA0B9-14A7-4181-AD10-BFDA03F856D8}.Release|Any CPU.ActiveCfg = Release|Any CPU
		{279CA0B9-14A7-4181-AD10-BFDA03F856D8}.Release|Any CPU.Build.0 = Release|Any CPU
		{C8923F6F-DD72-446A-8D84-63192E25A84F}.Debug|Any CPU.ActiveCfg = Debug|Any CPU
		{C8923F6F-DD72-446A-8D84-63192E25A84F}.Debug|Any CPU.Build.0 = Debug|Any CPU
		{C8923F6F-DD72-446A-8D84-63192E25A84F}.Release|Any CPU.ActiveCfg = Release|Any CPU
		{C8923F6F-DD72-446A-8D84-63192E25A84F}.Release|Any CPU.Build.0 = Release|Any CPU
		{452FB44B-0108-4487-8365-8C6B5072F6D7}.Debug|Any CPU.ActiveCfg = Debug|Any CPU
		{452FB44B-0108-4487-8365-8C6B5072F6D7}.Debug|Any CPU.Build.0 = Debug|Any CPU
		{452FB44B-0108-4487-8365-8C6B5072F6D7}.Release|Any CPU.ActiveCfg = Release|Any CPU
		{452FB44B-0108-4487-8365-8C6B5072F6D7}.Release|Any CPU.Build.0 = Release|Any CPU
		{552A8EA6-E521-4A30-8729-B558D5374219}.Debug|Any CPU.ActiveCfg = Debug|Any CPU
		{552A8EA6-E521-4A30-8729-B558D5374219}.Debug|Any CPU.Build.0 = Debug|Any CPU
		{552A8EA6-E521-4A30-8729-B558D5374219}.Release|Any CPU.ActiveCfg = Release|Any CPU
		{552A8EA6-E521-4A30-8729-B558D5374219}.Release|Any CPU.Build.0 = Release|Any CPU
		{48AE2FC1-8617-4D02-8168-FDB2D9E6738E}.Debug|Any CPU.ActiveCfg = Debug|Any CPU
		{48AE2FC1-8617-4D02-8168-FDB2D9E6738E}.Debug|Any CPU.Build.0 = Debug|Any CPU
		{48AE2FC1-8617-4D02-8168-FDB2D9E6738E}.Release|Any CPU.ActiveCfg = Release|Any CPU
		{48AE2FC1-8617-4D02-8168-FDB2D9E6738E}.Release|Any CPU.Build.0 = Release|Any CPU
	EndGlobalSection
	GlobalSection(SolutionProperties) = preSolution
		HideSolutionNode = FALSE
	EndGlobalSection
	GlobalSection(NestedProjects) = preSolution
		{D615C11B-FF4B-4E9E-A9BB-5F6A14E44913} = {7335A269-9F93-4E93-BBDD-F131C145142E}
		{DA622366-541F-41BD-A0B7-A156A6D90DBC} = {D615C11B-FF4B-4E9E-A9BB-5F6A14E44913}
		{D872CD34-424A-4F41-95B7-F90DD6ABCB59} = {9F88255D-8847-41A0-8BD5-D3286395BF3B}
		{9BF9A17E-65AC-4F70-A2FD-F0802F516D72} = {7335A269-9F93-4E93-BBDD-F131C145142E}
		{2FD59C56-4A78-4954-89F9-5692D0F8B551} = {9BF9A17E-65AC-4F70-A2FD-F0802F516D72}
		{87817AA8-6B6D-4E20-8DE6-29501BD20685} = {7335A269-9F93-4E93-BBDD-F131C145142E}
		{E4D7F89E-89C3-4E5E-9063-FEE6BDCC2641} = {87817AA8-6B6D-4E20-8DE6-29501BD20685}
		{BAF409D0-0E08-436C-9B03-31C28FB94AB1} = {7335A269-9F93-4E93-BBDD-F131C145142E}
		{14AE0C7C-AA50-41C4-970D-74D26E8CB4F3} = {BAF409D0-0E08-436C-9B03-31C28FB94AB1}
		{279CA0B9-14A7-4181-AD10-BFDA03F856D8} = {BAF409D0-0E08-436C-9B03-31C28FB94AB1}
		{C8923F6F-DD72-446A-8D84-63192E25A84F} = {BAF409D0-0E08-436C-9B03-31C28FB94AB1}
		{452FB44B-0108-4487-8365-8C6B5072F6D7} = {BAF409D0-0E08-436C-9B03-31C28FB94AB1}
		{552A8EA6-E521-4A30-8729-B558D5374219} = {9F88255D-8847-41A0-8BD5-D3286395BF3B}
		{48AE2FC1-8617-4D02-8168-FDB2D9E6738E} = {3D039676-FA3D-4B09-ACB4-C64C10BAE665}
	EndGlobalSection
	GlobalSection(ExtensibilityGlobals) = postSolution
		SolutionGuid = {805636AA-CC8D-4648-9B53-A57F876EECC2}
	EndGlobalSection
EndGlobal
